
Microsoft Visual Studio Solution File, Format Version 12.00
# Visual Studio Version 16
VisualStudioVersion = 16.0.31321.278
MinimumVisualStudioVersion = 10.0.40219.1
Project("{FAE04EC0-301F-11D3-BF4B-00C04F79EFBC}") = "CubeVisualization", "CubeVisualization\CubeVisualization.csproj", "{A1FFB016-D5DC-461A-8988-ED2184418092}"
EndProject
Global
	GlobalSection(SolutionConfigurationPlatforms) = preSolution
		Debug|Any CPU = Debug|Any CPU
		Release|Any CPU = Release|Any CPU
	EndGlobalSection
	GlobalSection(ProjectConfigurationPlatforms) = postSolution
		{A1FFB016-D5DC-461A-8988-ED2184418092}.Debug|Any CPU.ActiveCfg = Debug|Any CPU
		{A1FFB016-D5DC-461A-8988-ED2184418092}.Debug|Any CPU.Build.0 = Debug|Any CPU
		{A1FFB016-D5DC-461A-8988-ED2184418092}.Release|Any CPU.ActiveCfg = Release|Any CPU
		{A1FFB016-D5DC-461A-8988-ED2184418092}.Release|Any CPU.Build.0 = Release|Any CPU
	EndGlobalSection
	GlobalSection(SolutionProperties) = preSolution
		HideSolutionNode = FALSE
	EndGlobalSection
	GlobalSection(ExtensibilityGlobals) = postSolution
		SolutionGuid = {FB11B90C-F0AF-49CE-85A0-4F40A18057E8}
	EndGlobalSection
EndGlobal
